
Microsoft Visual Studio Solution File, Format Version 12.00
# Visual Studio Version 17
VisualStudioVersion = 17.8.34511.84
MinimumVisualStudioVersion = 10.0.40219.1
Project("{FAE04EC0-301F-11D3-BF4B-00C04F79EFBC}") = "Lab12", "Lab12\Lab12.csproj", "{DB88A92D-503D-4667-B548-46F4A2C37C4E}"
EndProject
Global
	GlobalSection(SolutionConfigurationPlatforms) = preSolution
		Debug|Any CPU = Debug|Any CPU
		Release|Any CPU = Release|Any CPU
	EndGlobalSection
	GlobalSection(ProjectConfigurationPlatforms) = postSolution
		{DB88A92D-503D-4667-B548-46F4A2C37C4E}.Debug|Any CPU.ActiveCfg = Debug|Any CPU
		{DB88A92D-503D-4667-B548-46F4A2C37C4E}.Debug|Any CPU.Build.0 = Debug|Any CPU
		{DB88A92D-503D-4667-B548-46F4A2C37C4E}.Release|Any CPU.ActiveCfg = Release|Any CPU
		{DB88A92D-503D-4667-B548-46F4A2C37C4E}.Release|Any CPU.Build.0 = Release|Any CPU
	EndGlobalSection
	GlobalSection(SolutionProperties) = preSolution
		HideSolutionNode = FALSE
	EndGlobalSection
	GlobalSection(ExtensibilityGlobals) = postSolution
		SolutionGuid = {042CB8F8-A255-4D8D-9E0A-851ABEBF4D1F}
	EndGlobalSection
EndGlobal
